
Microsoft Visual Studio Solution File, Format Version 12.00
# Visual Studio 15
VisualStudioVersion = 15.0.28010.2041
MinimumVisualStudioVersion = 10.0.40219.1
Project("{FAE04EC0-301F-11D3-BF4B-00C04F79EFBC}") = "TrueCare", "TrueCare\TrueCare.csproj", "{69D96597-6AC2-4AE4-AED3-736F3B5FF443}"
EndProject
Global
	GlobalSection(SolutionConfigurationPlatforms) = preSolution
		Debug|Any CPU = Debug|Any CPU
		Release|Any CPU = Release|Any CPU
	EndGlobalSection
	GlobalSection(ProjectConfigurationPlatforms) = postSolution
		{69D96597-6AC2-4AE4-AED3-736F3B5FF443}.Debug|Any CPU.ActiveCfg = Debug|Any CPU
		{69D96597-6AC2-4AE4-AED3-736F3B5FF443}.Debug|Any CPU.Build.0 = Debug|Any CPU
		{69D96597-6AC2-4AE4-AED3-736F3B5FF443}.Release|Any CPU.ActiveCfg = Release|Any CPU
		{69D96597-6AC2-4AE4-AED3-736F3B5FF443}.Release|Any CPU.Build.0 = Release|Any CPU
	EndGlobalSection
	GlobalSection(SolutionProperties) = preSolution
		HideSolutionNode = FALSE
	EndGlobalSection
	GlobalSection(ExtensibilityGlobals) = postSolution
		SolutionGuid = {B7FFFB56-EBD5-4793-8D39-8B6288CC1AF4}
	EndGlobalSection
EndGlobal
